
Microsoft Visual Studio Solution File, Format Version 12.00
# Visual Studio Version 17
VisualStudioVersion = 17.0.32112.339
MinimumVisualStudioVersion = 10.0.40219.1
Project("{9A19103F-16F7-4668-BE54-9A1E7A4F7556}") = "ThingsDB", "ThingsDB\ThingsDB.csproj", "{15D175F4-3EC3-4381-B65E-23CB24A18159}"
EndProject
Project("{9A19103F-16F7-4668-BE54-9A1E7A4F7556}") = "Tests", "Tests\Tests.csproj", "{B022C751-E8F4-4A3E-8D56-F3AC1BDEBC3E}"
EndProject
Global
	GlobalSection(SolutionConfigurationPlatforms) = preSolution
		Debug|Any CPU = Debug|Any CPU
		Release|Any CPU = Release|Any CPU
	EndGlobalSection
	GlobalSection(ProjectConfigurationPlatforms) = postSolution
		{15D175F4-3EC3-4381-B65E-23CB24A18159}.Debug|Any CPU.ActiveCfg = Debug|Any CPU
		{15D175F4-3EC3-4381-B65E-23CB24A18159}.Debug|Any CPU.Build.0 = Debug|Any CPU
		{15D175F4-3EC3-4381-B65E-23CB24A18159}.Release|Any CPU.ActiveCfg = Release|Any CPU
		{15D175F4-3EC3-4381-B65E-23CB24A18159}.Release|Any CPU.Build.0 = Release|Any CPU
		{B022C751-E8F4-4A3E-8D56-F3AC1BDEBC3E}.Debug|Any CPU.ActiveCfg = Debug|Any CPU
		{B022C751-E8F4-4A3E-8D56-F3AC1BDEBC3E}.Debug|Any CPU.Build.0 = Debug|Any CPU
		{B022C751-E8F4-4A3E-8D56-F3AC1BDEBC3E}.Release|Any CPU.ActiveCfg = Release|Any CPU
		{B022C751-E8F4-4A3E-8D56-F3AC1BDEBC3E}.Release|Any CPU.Build.0 = Release|Any CPU
	EndGlobalSection
	GlobalSection(SolutionProperties) = preSolution
		HideSolutionNode = FALSE
	EndGlobalSection
	GlobalSection(ExtensibilityGlobals) = postSolution
		SolutionGuid = {6EDA9955-07AA-4A20-A72D-087393E1DF96}
	EndGlobalSection
EndGlobal
